
Microsoft Visual Studio Solution File, Format Version 12.00
# Visual Studio Version 17
VisualStudioVersion = 17.11.35222.181
MinimumVisualStudioVersion = 10.0.40219.1
Project("{FAE04EC0-301F-11D3-BF4B-00C04F79EFBC}") = "SpotifyMusicQuizApi", "SpotifyMusicQuizApi\SpotifyMusicQuizApi.csproj", "{66ECE09A-998E-4158-ACFC-1A3439C4D2C8}"
EndProject
Global
	GlobalSection(SolutionConfigurationPlatforms) = preSolution
		Debug|Any CPU = Debug|Any CPU
		Release|Any CPU = Release|Any CPU
	EndGlobalSection
	GlobalSection(ProjectConfigurationPlatforms) = postSolution
		{66ECE09A-998E-4158-ACFC-1A3439C4D2C8}.Debug|Any CPU.ActiveCfg = Debug|Any CPU
		{66ECE09A-998E-4158-ACFC-1A3439C4D2C8}.Debug|Any CPU.Build.0 = Debug|Any CPU
		{66ECE09A-998E-4158-ACFC-1A3439C4D2C8}.Release|Any CPU.ActiveCfg = Release|Any CPU
		{66ECE09A-998E-4158-ACFC-1A3439C4D2C8}.Release|Any CPU.Build.0 = Release|Any CPU
	EndGlobalSection
	GlobalSection(SolutionProperties) = preSolution
		HideSolutionNode = FALSE
	EndGlobalSection
	GlobalSection(ExtensibilityGlobals) = postSolution
		SolutionGuid = {D278EEC4-AF86-4479-8D03-728885C50CD8}
	EndGlobalSection
EndGlobal
